
Microsoft Visual Studio Solution File, Format Version 12.00
# Visual Studio 14
VisualStudioVersion = 14.0.25420.1
MinimumVisualStudioVersion = 10.0.40219.1
Project("{FAE04EC0-301F-11D3-BF4B-00C04F79EFBC}") = "SRPViolationApp", "SRPViolationApp\SRPViolationApp.csproj", "{2147C47D-B464-423B-BF63-A61C96E1BA9F}"
EndProject
Project("{FAE04EC0-301F-11D3-BF4B-00C04F79EFBC}") = "SRPInvoiceSolution", "SRPInvoiceSolution\SRPInvoiceSolution.csproj", "{83E7B4AC-08A8-4BDD-BC7D-0C81681664AF}"
EndProject
Global
	GlobalSection(SolutionConfigurationPlatforms) = preSolution
		Debug|Any CPU = Debug|Any CPU
		Release|Any CPU = Release|Any CPU
	EndGlobalSection
	GlobalSection(ProjectConfigurationPlatforms) = postSolution
		{2147C47D-B464-423B-BF63-A61C96E1BA9F}.Debug|Any CPU.ActiveCfg = Debug|Any CPU
		{2147C47D-B464-423B-BF63-A61C96E1BA9F}.Debug|Any CPU.Build.0 = Debug|Any CPU
		{2147C47D-B464-423B-BF63-A61C96E1BA9F}.Release|Any CPU.ActiveCfg = Release|Any CPU
		{2147C47D-B464-423B-BF63-A61C96E1BA9F}.Release|Any CPU.Build.0 = Release|Any CPU
		{83E7B4AC-08A8-4BDD-BC7D-0C81681664AF}.Debug|Any CPU.ActiveCfg = Debug|Any CPU
		{83E7B4AC-08A8-4BDD-BC7D-0C81681664AF}.Debug|Any CPU.Build.0 = Debug|Any CPU
		{83E7B4AC-08A8-4BDD-BC7D-0C81681664AF}.Release|Any CPU.ActiveCfg = Release|Any CPU
		{83E7B4AC-08A8-4BDD-BC7D-0C81681664AF}.Release|Any CPU.Build.0 = Release|Any CPU
	EndGlobalSection
	GlobalSection(SolutionProperties) = preSolution
		HideSolutionNode = FALSE
	EndGlobalSection
EndGlobal
