
Microsoft Visual Studio Solution File, Format Version 12.00
# Visual Studio 14
VisualStudioVersion = 14.0.25420.1
MinimumVisualStudioVersion = 10.0.40219.1
Project("{FAE04EC0-301F-11D3-BF4B-00C04F79EFBC}") = "FactoryMethodLib", "FactoryMethodLib\FactoryMethodLib.csproj", "{B6D08510-33B9-4FCC-A0DE-4D34B24DAF7D}"
EndProject
Project("{FAE04EC0-301F-11D3-BF4B-00C04F79EFBC}") = "FactoryMethodApp", "FactoryMethodApp\FactoryMethodApp.csproj", "{63BAFAA1-8C44-473A-8539-F523A53E859D}"
EndProject
Global
	GlobalSection(SolutionConfigurationPlatforms) = preSolution
		Debug|Any CPU = Debug|Any CPU
		Release|Any CPU = Release|Any CPU
	EndGlobalSection
	GlobalSection(ProjectConfigurationPlatforms) = postSolution
		{B6D08510-33B9-4FCC-A0DE-4D34B24DAF7D}.Debug|Any CPU.ActiveCfg = Debug|Any CPU
		{B6D08510-33B9-4FCC-A0DE-4D34B24DAF7D}.Debug|Any CPU.Build.0 = Debug|Any CPU
		{B6D08510-33B9-4FCC-A0DE-4D34B24DAF7D}.Release|Any CPU.ActiveCfg = Release|Any CPU
		{B6D08510-33B9-4FCC-A0DE-4D34B24DAF7D}.Release|Any CPU.Build.0 = Release|Any CPU
		{63BAFAA1-8C44-473A-8539-F523A53E859D}.Debug|Any CPU.ActiveCfg = Debug|Any CPU
		{63BAFAA1-8C44-473A-8539-F523A53E859D}.Debug|Any CPU.Build.0 = Debug|Any CPU
		{63BAFAA1-8C44-473A-8539-F523A53E859D}.Release|Any CPU.ActiveCfg = Release|Any CPU
		{63BAFAA1-8C44-473A-8539-F523A53E859D}.Release|Any CPU.Build.0 = Release|Any CPU
	EndGlobalSection
	GlobalSection(SolutionProperties) = preSolution
		HideSolutionNode = FALSE
	EndGlobalSection
EndGlobal
