
Microsoft Visual Studio Solution File, Format Version 12.00
# Visual Studio 14
VisualStudioVersion = 14.0.25420.1
MinimumVisualStudioVersion = 10.0.40219.1
Project("{FAE04EC0-301F-11D3-BF4B-00C04F79EFBC}") = "TicTacToeLib", "TicTacToeLib\TicTacToeLib.csproj", "{C931E113-34B5-4539-9877-E23BA952DCA4}"
EndProject
Project("{FAE04EC0-301F-11D3-BF4B-00C04F79EFBC}") = "TicTacToeConsole", "TicTacToeConsole\TicTacToeConsole.csproj", "{E61DED4C-40C2-4646-97D5-6BDA45B5F41B}"
EndProject
Project("{FAE04EC0-301F-11D3-BF4B-00C04F79EFBC}") = "TicTacToeUnitTest", "TicTacToeUnitTest\TicTacToeUnitTest.csproj", "{E7CFB73B-D808-4DA8-8FE4-63241C3A4C78}"
EndProject
Global
	GlobalSection(SolutionConfigurationPlatforms) = preSolution
		Debug|Any CPU = Debug|Any CPU
		Release|Any CPU = Release|Any CPU
	EndGlobalSection
	GlobalSection(ProjectConfigurationPlatforms) = postSolution
		{C931E113-34B5-4539-9877-E23BA952DCA4}.Debug|Any CPU.ActiveCfg = Debug|Any CPU
		{C931E113-34B5-4539-9877-E23BA952DCA4}.Debug|Any CPU.Build.0 = Debug|Any CPU
		{C931E113-34B5-4539-9877-E23BA952DCA4}.Release|Any CPU.ActiveCfg = Release|Any CPU
		{C931E113-34B5-4539-9877-E23BA952DCA4}.Release|Any CPU.Build.0 = Release|Any CPU
		{E61DED4C-40C2-4646-97D5-6BDA45B5F41B}.Debug|Any CPU.ActiveCfg = Debug|Any CPU
		{E61DED4C-40C2-4646-97D5-6BDA45B5F41B}.Debug|Any CPU.Build.0 = Debug|Any CPU
		{E61DED4C-40C2-4646-97D5-6BDA45B5F41B}.Release|Any CPU.ActiveCfg = Release|Any CPU
		{E61DED4C-40C2-4646-97D5-6BDA45B5F41B}.Release|Any CPU.Build.0 = Release|Any CPU
		{E7CFB73B-D808-4DA8-8FE4-63241C3A4C78}.Debug|Any CPU.ActiveCfg = Debug|Any CPU
		{E7CFB73B-D808-4DA8-8FE4-63241C3A4C78}.Debug|Any CPU.Build.0 = Debug|Any CPU
		{E7CFB73B-D808-4DA8-8FE4-63241C3A4C78}.Release|Any CPU.ActiveCfg = Release|Any CPU
		{E7CFB73B-D808-4DA8-8FE4-63241C3A4C78}.Release|Any CPU.Build.0 = Release|Any CPU
	EndGlobalSection
	GlobalSection(SolutionProperties) = preSolution
		HideSolutionNode = FALSE
	EndGlobalSection
EndGlobal
