
Microsoft Visual Studio Solution File, Format Version 12.00
# Visual Studio 14
VisualStudioVersion = 14.0.25420.1
MinimumVisualStudioVersion = 10.0.40219.1
Project("{FAE04EC0-301F-11D3-BF4B-00C04F79EFBC}") = "ISPViloationApp", "ISPViloationApp\ISPViloationApp.csproj", "{1012BD14-C5E6-4518-B59E-55A3A94401BE}"
EndProject
Project("{FAE04EC0-301F-11D3-BF4B-00C04F79EFBC}") = "IspInviloation", "IspInviloation\IspInviloation.csproj", "{C848F101-F8EB-4045-9C8D-CC607FD7957F}"
EndProject
Global
	GlobalSection(SolutionConfigurationPlatforms) = preSolution
		Debug|Any CPU = Debug|Any CPU
		Release|Any CPU = Release|Any CPU
	EndGlobalSection
	GlobalSection(ProjectConfigurationPlatforms) = postSolution
		{1012BD14-C5E6-4518-B59E-55A3A94401BE}.Debug|Any CPU.ActiveCfg = Debug|Any CPU
		{1012BD14-C5E6-4518-B59E-55A3A94401BE}.Debug|Any CPU.Build.0 = Debug|Any CPU
		{1012BD14-C5E6-4518-B59E-55A3A94401BE}.Release|Any CPU.ActiveCfg = Release|Any CPU
		{1012BD14-C5E6-4518-B59E-55A3A94401BE}.Release|Any CPU.Build.0 = Release|Any CPU
		{C848F101-F8EB-4045-9C8D-CC607FD7957F}.Debug|Any CPU.ActiveCfg = Debug|Any CPU
		{C848F101-F8EB-4045-9C8D-CC607FD7957F}.Debug|Any CPU.Build.0 = Debug|Any CPU
		{C848F101-F8EB-4045-9C8D-CC607FD7957F}.Release|Any CPU.ActiveCfg = Release|Any CPU
		{C848F101-F8EB-4045-9C8D-CC607FD7957F}.Release|Any CPU.Build.0 = Release|Any CPU
	EndGlobalSection
	GlobalSection(SolutionProperties) = preSolution
		HideSolutionNode = FALSE
	EndGlobalSection
EndGlobal
