
Microsoft Visual Studio Solution File, Format Version 12.00
# Visual Studio 14
VisualStudioVersion = 14.0.25420.1
MinimumVisualStudioVersion = 10.0.40219.1
Project("{FAE04EC0-301F-11D3-BF4B-00C04F79EFBC}") = "AutoMobileLib", "AutoMobileLib\AutoMobileLib.csproj", "{583EE37F-7168-46F2-A9FB-5385EACE1F48}"
EndProject
Project("{FAE04EC0-301F-11D3-BF4B-00C04F79EFBC}") = "AutoFactory", "AutoFactory\AutoFactory.csproj", "{3BD5BB4A-545E-4579-9953-01FE543BC249}"
EndProject
Global
	GlobalSection(SolutionConfigurationPlatforms) = preSolution
		Debug|Any CPU = Debug|Any CPU
		Release|Any CPU = Release|Any CPU
	EndGlobalSection
	GlobalSection(ProjectConfigurationPlatforms) = postSolution
		{583EE37F-7168-46F2-A9FB-5385EACE1F48}.Debug|Any CPU.ActiveCfg = Debug|Any CPU
		{583EE37F-7168-46F2-A9FB-5385EACE1F48}.Debug|Any CPU.Build.0 = Debug|Any CPU
		{583EE37F-7168-46F2-A9FB-5385EACE1F48}.Release|Any CPU.ActiveCfg = Release|Any CPU
		{583EE37F-7168-46F2-A9FB-5385EACE1F48}.Release|Any CPU.Build.0 = Release|Any CPU
		{3BD5BB4A-545E-4579-9953-01FE543BC249}.Debug|Any CPU.ActiveCfg = Debug|Any CPU
		{3BD5BB4A-545E-4579-9953-01FE543BC249}.Debug|Any CPU.Build.0 = Debug|Any CPU
		{3BD5BB4A-545E-4579-9953-01FE543BC249}.Release|Any CPU.ActiveCfg = Release|Any CPU
		{3BD5BB4A-545E-4579-9953-01FE543BC249}.Release|Any CPU.Build.0 = Release|Any CPU
	EndGlobalSection
	GlobalSection(SolutionProperties) = preSolution
		HideSolutionNode = FALSE
	EndGlobalSection
EndGlobal
